
Microsoft Visual Studio Solution File, Format Version 12.00
# Visual Studio Version 16
VisualStudioVersion = 16.0.32126.315
MinimumVisualStudioVersion = 10.0.40219.1
Project("{8BC9CEB8-8B4A-11D0-8D11-00A0C91BC942}") = "sum of 2matrix", "sum of 2matrix\sum of 2matrix.vcxproj", "{D7F8110D-6B7E-4FC9-BF39-82D2436E9A0A}"
EndProject
Global
	GlobalSection(SolutionConfigurationPlatforms) = preSolution
		Debug|x64 = Debug|x64
		Debug|x86 = Debug|x86
		Release|x64 = Release|x64
		Release|x86 = Release|x86
	EndGlobalSection
	GlobalSection(ProjectConfigurationPlatforms) = postSolution
		{D7F8110D-6B7E-4FC9-BF39-82D2436E9A0A}.Debug|x64.ActiveCfg = Debug|x64
		{D7F8110D-6B7E-4FC9-BF39-82D2436E9A0A}.Debug|x64.Build.0 = Debug|x64
		{D7F8110D-6B7E-4FC9-BF39-82D2436E9A0A}.Debug|x86.ActiveCfg = Debug|Win32
		{D7F8110D-6B7E-4FC9-BF39-82D2436E9A0A}.Debug|x86.Build.0 = Debug|Win32
		{D7F8110D-6B7E-4FC9-BF39-82D2436E9A0A}.Release|x64.ActiveCfg = Release|x64
		{D7F8110D-6B7E-4FC9-BF39-82D2436E9A0A}.Release|x64.Build.0 = Release|x64
		{D7F8110D-6B7E-4FC9-BF39-82D2436E9A0A}.Release|x86.ActiveCfg = Release|Win32
		{D7F8110D-6B7E-4FC9-BF39-82D2436E9A0A}.Release|x86.Build.0 = Release|Win32
	EndGlobalSection
	GlobalSection(SolutionProperties) = preSolution
		HideSolutionNode = FALSE
	EndGlobalSection
	GlobalSection(ExtensibilityGlobals) = postSolution
		SolutionGuid = {55BA2177-3AEC-41AA-B2B0-F97F0527513E}
	EndGlobalSection
EndGlobal
